
Microsoft Visual Studio Solution File, Format Version 11.00
# Visual Studio 2010
Project("{FAE04EC0-301F-11D3-BF4B-00C04F79EFBC}") = "ReviewBoardVsx.2010", "ReviewBoardVsx.2010.csproj", "{F6846107-9826-4374-B054-E66F178E390A}"
EndProject
Project("{2150E333-8FDC-42A3-9474-1A3956D46DE8}") = "Solution Items", "Solution Items", "{4F6D18E5-98D2-4605-A54E-C3F89A994C70}"
	ProjectSection(SolutionItems) = preProject
		diff.cmd = diff.cmd
		post-review.txt = post-review.txt
		ReviewBoardVsx.txt = ReviewBoardVsx.txt
		Scratch.txt = Scratch.txt
	EndProjectSection
EndProject
Project("{FAE04EC0-301F-11D3-BF4B-00C04F79EFBC}") = "ReviewBoardVsx.2008", "ReviewBoardVsx.2008.csproj", "{838EFBBB-B00D-4FC7-9EEB-224183F804CC}"
EndProject
Project("{54435603-DBB4-11D2-8724-00A0C9A8B90C}") = "Setup.2008", "Setup\Setup.2008.vdproj", "{1BDB50F5-2E8E-455C-9153-43FCFF2C201D}"
EndProject
Global
	GlobalSection(SolutionConfigurationPlatforms) = preSolution
		Debug|Any CPU = Debug|Any CPU
		Release|Any CPU = Release|Any CPU
	EndGlobalSection
	GlobalSection(ProjectConfigurationPlatforms) = postSolution
		{F6846107-9826-4374-B054-E66F178E390A}.Debug|Any CPU.ActiveCfg = Debug|Any CPU
		{F6846107-9826-4374-B054-E66F178E390A}.Debug|Any CPU.Build.0 = Debug|Any CPU
		{F6846107-9826-4374-B054-E66F178E390A}.Release|Any CPU.ActiveCfg = Release|Any CPU
		{F6846107-9826-4374-B054-E66F178E390A}.Release|Any CPU.Build.0 = Release|Any CPU
		{838EFBBB-B00D-4FC7-9EEB-224183F804CC}.Debug|Any CPU.ActiveCfg = Debug|Any CPU
		{838EFBBB-B00D-4FC7-9EEB-224183F804CC}.Debug|Any CPU.Build.0 = Debug|Any CPU
		{838EFBBB-B00D-4FC7-9EEB-224183F804CC}.Release|Any CPU.ActiveCfg = Release|Any CPU
		{838EFBBB-B00D-4FC7-9EEB-224183F804CC}.Release|Any CPU.Build.0 = Release|Any CPU
		{1BDB50F5-2E8E-455C-9153-43FCFF2C201D}.Debug|Any CPU.ActiveCfg = Debug
		{1BDB50F5-2E8E-455C-9153-43FCFF2C201D}.Debug|Any CPU.Build.0 = Debug
		{1BDB50F5-2E8E-455C-9153-43FCFF2C201D}.Release|Any CPU.ActiveCfg = Release
		{1BDB50F5-2E8E-455C-9153-43FCFF2C201D}.Release|Any CPU.Build.0 = Release
	EndGlobalSection
	GlobalSection(SolutionProperties) = preSolution
		HideSolutionNode = FALSE
	EndGlobalSection
EndGlobal
