
Microsoft Visual Studio Solution File, Format Version 10.00
# Visual Studio 2008
Project("{2150E333-8FDC-42A3-9474-1A3956D46DE8}") = "Solution Items", "Solution Items", "{436320EA-8142-4FE4-9BEC-EFDEE368869A}"
	ProjectSection(SolutionItems) = preProject
		diff.cmd = diff.cmd
		post-review.txt = post-review.txt
		ReviewBoardVsx.txt = ReviewBoardVsx.txt
		Scratch.txt = Scratch.txt
	EndProjectSection
EndProject
Project("{2150E333-8FDC-42A3-9474-1A3956D46DE8}") = "Tools", "Tools", "{17854D96-E64D-40A7-8A51-0EB4B532E029}"
EndProject
Project("{FAE04EC0-301F-11D3-BF4B-00C04F79EFBC}") = "Ankh.GenPkgDef", "tools\Ankh.GenPkgDef\Ankh.GenPkgDef.csproj", "{9392145E-1047-4FFC-84F5-6B5F3C80CA9B}"
EndProject
Project("{FAE04EC0-301F-11D3-BF4B-00C04F79EFBC}") = "ReviewBoardVsx.Ids", "ReviewBoardVsx.Ids\ReviewBoardVsx.Ids.csproj", "{FF84A2D7-5E8F-4B8B-B89B-F11AB991B237}"
EndProject
Project("{FAE04EC0-301F-11D3-BF4B-00C04F79EFBC}") = "ReviewBoardVsx.Package", "ReviewBoardVsx.Package\ReviewBoardVsx.Package.csproj", "{43FE34AE-C7B0-46BB-A5D5-2D4572E87362}"
	ProjectSection(ProjectDependencies) = postProject
		{FF84A2D7-5E8F-4B8B-B89B-F11AB991B237} = {FF84A2D7-5E8F-4B8B-B89B-F11AB991B237}
	EndProjectSection
EndProject
Project("{930C7802-8A8C-48F9-8165-68863BCCD9DD}") = "ReviewBoardVsx.Setup", "ReviewBoardVsx.Setup.wixproj", "{BADCC83A-B50E-40A6-A380-FF09D68BAA59}"
EndProject
Project("{FAE04EC0-301F-11D3-BF4B-00C04F79EFBC}") = "ReviewBoardVsx.GenerateVSIXManifest", "tools\ReviewBoardVsx.GenerateVSIXManifest\ReviewBoardVsx.GenerateVSIXManifest.csproj", "{ED9554E1-C0CD-45AD-AB30-98052D01F291}"
EndProject
Project("{FAE04EC0-301F-11D3-BF4B-00C04F79EFBC}") = "Ankh.ExtensionPoints", "tools\Ankh.ExtensionPoints\Ankh.ExtensionPoints.csproj", "{B7168874-E05E-458D-95CC-5D7BBC243986}"
EndProject
Global
	GlobalSection(DPCodeReviewSolutionGUID) = preSolution
		DPCodeReviewSolutionGUID = {00000000-0000-0000-0000-000000000000}
	EndGlobalSection
	GlobalSection(SubversionScc) = preSolution
		Svn-Managed = True
		Manager = AnkhSVN - Subversion Support for Visual Studio
	EndGlobalSection
	GlobalSection(SolutionConfigurationPlatforms) = preSolution
		Debug|Any CPU = Debug|Any CPU
		Debug|Mixed Platforms = Debug|Mixed Platforms
		Debug|x86 = Debug|x86
		Release|Any CPU = Release|Any CPU
		Release|Mixed Platforms = Release|Mixed Platforms
		Release|x86 = Release|x86
	EndGlobalSection
	GlobalSection(ProjectConfigurationPlatforms) = postSolution
		{9392145E-1047-4FFC-84F5-6B5F3C80CA9B}.Debug|Any CPU.ActiveCfg = Debug|Any CPU
		{9392145E-1047-4FFC-84F5-6B5F3C80CA9B}.Debug|Any CPU.Build.0 = Debug|Any CPU
		{9392145E-1047-4FFC-84F5-6B5F3C80CA9B}.Debug|Mixed Platforms.ActiveCfg = Debug|Any CPU
		{9392145E-1047-4FFC-84F5-6B5F3C80CA9B}.Debug|Mixed Platforms.Build.0 = Debug|Any CPU
		{9392145E-1047-4FFC-84F5-6B5F3C80CA9B}.Debug|x86.ActiveCfg = Debug|Any CPU
		{9392145E-1047-4FFC-84F5-6B5F3C80CA9B}.Release|Any CPU.ActiveCfg = Release|Any CPU
		{9392145E-1047-4FFC-84F5-6B5F3C80CA9B}.Release|Any CPU.Build.0 = Release|Any CPU
		{9392145E-1047-4FFC-84F5-6B5F3C80CA9B}.Release|Mixed Platforms.ActiveCfg = Release|Any CPU
		{9392145E-1047-4FFC-84F5-6B5F3C80CA9B}.Release|Mixed Platforms.Build.0 = Release|Any CPU
		{9392145E-1047-4FFC-84F5-6B5F3C80CA9B}.Release|x86.ActiveCfg = Release|Any CPU
		{FF84A2D7-5E8F-4B8B-B89B-F11AB991B237}.Debug|Any CPU.ActiveCfg = Debug|Any CPU
		{FF84A2D7-5E8F-4B8B-B89B-F11AB991B237}.Debug|Any CPU.Build.0 = Debug|Any CPU
		{FF84A2D7-5E8F-4B8B-B89B-F11AB991B237}.Debug|Mixed Platforms.ActiveCfg = Debug|Any CPU
		{FF84A2D7-5E8F-4B8B-B89B-F11AB991B237}.Debug|Mixed Platforms.Build.0 = Debug|Any CPU
		{FF84A2D7-5E8F-4B8B-B89B-F11AB991B237}.Debug|x86.ActiveCfg = Debug|Any CPU
		{FF84A2D7-5E8F-4B8B-B89B-F11AB991B237}.Release|Any CPU.ActiveCfg = Release|Any CPU
		{FF84A2D7-5E8F-4B8B-B89B-F11AB991B237}.Release|Any CPU.Build.0 = Release|Any CPU
		{FF84A2D7-5E8F-4B8B-B89B-F11AB991B237}.Release|Mixed Platforms.ActiveCfg = Release|Any CPU
		{FF84A2D7-5E8F-4B8B-B89B-F11AB991B237}.Release|Mixed Platforms.Build.0 = Release|Any CPU
		{FF84A2D7-5E8F-4B8B-B89B-F11AB991B237}.Release|x86.ActiveCfg = Release|Any CPU
		{43FE34AE-C7B0-46BB-A5D5-2D4572E87362}.Debug|Any CPU.ActiveCfg = Debug|Any CPU
		{43FE34AE-C7B0-46BB-A5D5-2D4572E87362}.Debug|Any CPU.Build.0 = Debug|Any CPU
		{43FE34AE-C7B0-46BB-A5D5-2D4572E87362}.Debug|Mixed Platforms.ActiveCfg = Debug|Any CPU
		{43FE34AE-C7B0-46BB-A5D5-2D4572E87362}.Debug|Mixed Platforms.Build.0 = Debug|Any CPU
		{43FE34AE-C7B0-46BB-A5D5-2D4572E87362}.Debug|x86.ActiveCfg = Debug|Any CPU
		{43FE34AE-C7B0-46BB-A5D5-2D4572E87362}.Release|Any CPU.ActiveCfg = Release|Any CPU
		{43FE34AE-C7B0-46BB-A5D5-2D4572E87362}.Release|Any CPU.Build.0 = Release|Any CPU
		{43FE34AE-C7B0-46BB-A5D5-2D4572E87362}.Release|Mixed Platforms.ActiveCfg = Release|Any CPU
		{43FE34AE-C7B0-46BB-A5D5-2D4572E87362}.Release|Mixed Platforms.Build.0 = Release|Any CPU
		{43FE34AE-C7B0-46BB-A5D5-2D4572E87362}.Release|x86.ActiveCfg = Release|Any CPU
		{BADCC83A-B50E-40A6-A380-FF09D68BAA59}.Debug|Any CPU.ActiveCfg = Debug|x86
		{BADCC83A-B50E-40A6-A380-FF09D68BAA59}.Debug|Mixed Platforms.ActiveCfg = Debug|x86
		{BADCC83A-B50E-40A6-A380-FF09D68BAA59}.Debug|Mixed Platforms.Build.0 = Debug|x86
		{BADCC83A-B50E-40A6-A380-FF09D68BAA59}.Debug|x86.ActiveCfg = Debug|x86
		{BADCC83A-B50E-40A6-A380-FF09D68BAA59}.Debug|x86.Build.0 = Debug|x86
		{BADCC83A-B50E-40A6-A380-FF09D68BAA59}.Release|Any CPU.ActiveCfg = Release|x86
		{BADCC83A-B50E-40A6-A380-FF09D68BAA59}.Release|Mixed Platforms.ActiveCfg = Release|x86
		{BADCC83A-B50E-40A6-A380-FF09D68BAA59}.Release|Mixed Platforms.Build.0 = Release|x86
		{BADCC83A-B50E-40A6-A380-FF09D68BAA59}.Release|x86.ActiveCfg = Release|x86
		{BADCC83A-B50E-40A6-A380-FF09D68BAA59}.Release|x86.Build.0 = Release|x86
		{ED9554E1-C0CD-45AD-AB30-98052D01F291}.Debug|Any CPU.ActiveCfg = Debug|Any CPU
		{ED9554E1-C0CD-45AD-AB30-98052D01F291}.Debug|Any CPU.Build.0 = Debug|Any CPU
		{ED9554E1-C0CD-45AD-AB30-98052D01F291}.Debug|Mixed Platforms.ActiveCfg = Debug|Any CPU
		{ED9554E1-C0CD-45AD-AB30-98052D01F291}.Debug|Mixed Platforms.Build.0 = Debug|Any CPU
		{ED9554E1-C0CD-45AD-AB30-98052D01F291}.Debug|x86.ActiveCfg = Debug|Any CPU
		{ED9554E1-C0CD-45AD-AB30-98052D01F291}.Release|Any CPU.ActiveCfg = Release|Any CPU
		{ED9554E1-C0CD-45AD-AB30-98052D01F291}.Release|Any CPU.Build.0 = Release|Any CPU
		{ED9554E1-C0CD-45AD-AB30-98052D01F291}.Release|Mixed Platforms.ActiveCfg = Release|Any CPU
		{ED9554E1-C0CD-45AD-AB30-98052D01F291}.Release|Mixed Platforms.Build.0 = Release|Any CPU
		{ED9554E1-C0CD-45AD-AB30-98052D01F291}.Release|x86.ActiveCfg = Release|Any CPU
		{B7168874-E05E-458D-95CC-5D7BBC243986}.Debug|Any CPU.ActiveCfg = Debug|Any CPU
		{B7168874-E05E-458D-95CC-5D7BBC243986}.Debug|Any CPU.Build.0 = Debug|Any CPU
		{B7168874-E05E-458D-95CC-5D7BBC243986}.Debug|Mixed Platforms.ActiveCfg = Debug|Any CPU
		{B7168874-E05E-458D-95CC-5D7BBC243986}.Debug|Mixed Platforms.Build.0 = Debug|Any CPU
		{B7168874-E05E-458D-95CC-5D7BBC243986}.Debug|x86.ActiveCfg = Debug|Any CPU
		{B7168874-E05E-458D-95CC-5D7BBC243986}.Release|Any CPU.ActiveCfg = Release|Any CPU
		{B7168874-E05E-458D-95CC-5D7BBC243986}.Release|Any CPU.Build.0 = Release|Any CPU
		{B7168874-E05E-458D-95CC-5D7BBC243986}.Release|Mixed Platforms.ActiveCfg = Release|Any CPU
		{B7168874-E05E-458D-95CC-5D7BBC243986}.Release|Mixed Platforms.Build.0 = Release|Any CPU
		{B7168874-E05E-458D-95CC-5D7BBC243986}.Release|x86.ActiveCfg = Release|Any CPU
	EndGlobalSection
	GlobalSection(SolutionProperties) = preSolution
		HideSolutionNode = FALSE
	EndGlobalSection
	GlobalSection(NestedProjects) = preSolution
		{9392145E-1047-4FFC-84F5-6B5F3C80CA9B} = {17854D96-E64D-40A7-8A51-0EB4B532E029}
		{ED9554E1-C0CD-45AD-AB30-98052D01F291} = {17854D96-E64D-40A7-8A51-0EB4B532E029}
		{B7168874-E05E-458D-95CC-5D7BBC243986} = {17854D96-E64D-40A7-8A51-0EB4B532E029}
	EndGlobalSection
EndGlobal
